
Microsoft Visual Studio Solution File, Format Version 12.00
# Visual Studio Version 16
VisualStudioVersion = 16.0.33927.289
MinimumVisualStudioVersion = 10.0.40219.1
Project("{2150E333-8FDC-42A3-9474-1A3956D46DE8}") = "Task0", "Task0", "{1BE3F36B-17DD-460A-A7A3-110B67C0D0B8}"
EndProject
Project("{FAE04EC0-301F-11D3-BF4B-00C04F79EFBC}") = "Tyuiu.IvanchikovDA.Sprint2.Task0.V19", "Tyuiu.IvanchikovDA.Sprint2.Task0.V19\Tyuiu.IvanchikovDA.Sprint2.Task0.V19.csproj", "{409ECB1A-4F01-42E9-8AF0-E3FBB928AE28}"
EndProject
Project("{FAE04EC0-301F-11D3-BF4B-00C04F79EFBC}") = "Tyuiu.IvanchikovDA.Sprint2.Task0.V19.Lib", "Tyuiu.IvanchikovDA.Sprint2.Task0.V19.Lib\Tyuiu.IvanchikovDA.Sprint2.Task0.V19.Lib.csproj", "{A9EEB55A-C346-4F73-8AD2-98E0F83A6046}"
EndProject
Project("{FAE04EC0-301F-11D3-BF4B-00C04F79EFBC}") = "Tyuiu.IvanchikovDA.Sprint2.Task0.V19.Test", "Tyuiu.IvanchikovDA.Sprint2.Task0.V19.Test\Tyuiu.IvanchikovDA.Sprint2.Task0.V19.Test.csproj", "{3895A6DB-A9AF-46B6-9D75-05B1CAB52988}"
EndProject
Project("{2150E333-8FDC-42A3-9474-1A3956D46DE8}") = "Task1", "Task1", "{3D57A7F9-97F8-41C4-90D5-9F717B844AA1}"
EndProject
Project("{FAE04EC0-301F-11D3-BF4B-00C04F79EFBC}") = "Tyuiu.IvanchikovDA.Sprint2.Task1.V13", "Tyuiu.IvanchikovDA.Sprint2.Task1.V13\Tyuiu.IvanchikovDA.Sprint2.Task1.V13.csproj", "{7994D31A-8069-41C0-9865-67BF3B8DD37C}"
EndProject
Project("{FAE04EC0-301F-11D3-BF4B-00C04F79EFBC}") = "Tyuiu.IvanchikovDA.Sprint2.Task1.V13.Lib", "Tyuiu.IvanchikovDA.Sprint2.Task1.V13.Lib\Tyuiu.IvanchikovDA.Sprint2.Task1.V13.Lib.csproj", "{272C1A1E-86DF-48B3-8D67-1BBB0971CEDC}"
EndProject
Project("{FAE04EC0-301F-11D3-BF4B-00C04F79EFBC}") = "Tyuiu.IvanchikovDA.Sprint2.Task1.V13.Test", "Tyuiu.IvanchikovDA.Sprint2.Task1.V13.Test\Tyuiu.IvanchikovDA.Sprint2.Task1.V13.Test.csproj", "{4D08BD04-1A01-401A-BC9B-2ADF92546707}"
EndProject
Project("{2150E333-8FDC-42A3-9474-1A3956D46DE8}") = "Task2", "Task2", "{E7E7B5E6-CE4C-4BD8-AC75-B380EB71D683}"
EndProject
Project("{FAE04EC0-301F-11D3-BF4B-00C04F79EFBC}") = "Tyuiu.IvanchikovDA.Sprint2.Task2.V24", "Tyuiu.IvanchikovDA.Sprint2.Task2.V24\Tyuiu.IvanchikovDA.Sprint2.Task2.V24.csproj", "{69DD98CD-145C-40C4-A6A0-53BE930794C7}"
EndProject
Project("{FAE04EC0-301F-11D3-BF4B-00C04F79EFBC}") = "Tyuiu.IvanchikovDA.Sprint2.Task2.V24.Lib", "Tyuiu.IvanchikovDA.Sprint2.Task2.V24.Lib\Tyuiu.IvanchikovDA.Sprint2.Task2.V24.Lib.csproj", "{47E35252-470D-4E7C-A657-05D0755D2EEA}"
EndProject
Project("{FAE04EC0-301F-11D3-BF4B-00C04F79EFBC}") = "Tyuiu.IvanchikovDA.Sprint2.Task2.V24.Test", "Tyuiu.IvanchikovDA.Sprint2.Task2.V24.Test\Tyuiu.IvanchikovDA.Sprint2.Task2.V24.Test.csproj", "{BE654520-27C5-4EB8-8447-5A7C2D521134}"
EndProject
Global
	GlobalSection(SolutionConfigurationPlatforms) = preSolution
		Debug|Any CPU = Debug|Any CPU
		Release|Any CPU = Release|Any CPU
	EndGlobalSection
	GlobalSection(ProjectConfigurationPlatforms) = postSolution
		{409ECB1A-4F01-42E9-8AF0-E3FBB928AE28}.Debug|Any CPU.ActiveCfg = Debug|Any CPU
		{409ECB1A-4F01-42E9-8AF0-E3FBB928AE28}.Debug|Any CPU.Build.0 = Debug|Any CPU
		{409ECB1A-4F01-42E9-8AF0-E3FBB928AE28}.Release|Any CPU.ActiveCfg = Release|Any CPU
		{409ECB1A-4F01-42E9-8AF0-E3FBB928AE28}.Release|Any CPU.Build.0 = Release|Any CPU
		{A9EEB55A-C346-4F73-8AD2-98E0F83A6046}.Debug|Any CPU.ActiveCfg = Debug|Any CPU
		{A9EEB55A-C346-4F73-8AD2-98E0F83A6046}.Debug|Any CPU.Build.0 = Debug|Any CPU
		{A9EEB55A-C346-4F73-8AD2-98E0F83A6046}.Release|Any CPU.ActiveCfg = Release|Any CPU
		{A9EEB55A-C346-4F73-8AD2-98E0F83A6046}.Release|Any CPU.Build.0 = Release|Any CPU
		{3895A6DB-A9AF-46B6-9D75-05B1CAB52988}.Debug|Any CPU.ActiveCfg = Debug|Any CPU
		{3895A6DB-A9AF-46B6-9D75-05B1CAB52988}.Debug|Any CPU.Build.0 = Debug|Any CPU
		{3895A6DB-A9AF-46B6-9D75-05B1CAB52988}.Release|Any CPU.ActiveCfg = Release|Any CPU
		{3895A6DB-A9AF-46B6-9D75-05B1CAB52988}.Release|Any CPU.Build.0 = Release|Any CPU
		{7994D31A-8069-41C0-9865-67BF3B8DD37C}.Debug|Any CPU.ActiveCfg = Debug|Any CPU
		{7994D31A-8069-41C0-9865-67BF3B8DD37C}.Debug|Any CPU.Build.0 = Debug|Any CPU
		{7994D31A-8069-41C0-9865-67BF3B8DD37C}.Release|Any CPU.ActiveCfg = Release|Any CPU
		{7994D31A-8069-41C0-9865-67BF3B8DD37C}.Release|Any CPU.Build.0 = Release|Any CPU
		{272C1A1E-86DF-48B3-8D67-1BBB0971CEDC}.Debug|Any CPU.ActiveCfg = Debug|Any CPU
		{272C1A1E-86DF-48B3-8D67-1BBB0971CEDC}.Debug|Any CPU.Build.0 = Debug|Any CPU
		{272C1A1E-86DF-48B3-8D67-1BBB0971CEDC}.Release|Any CPU.ActiveCfg = Release|Any CPU
		{272C1A1E-86DF-48B3-8D67-1BBB0971CEDC}.Release|Any CPU.Build.0 = Release|Any CPU
		{4D08BD04-1A01-401A-BC9B-2ADF92546707}.Debug|Any CPU.ActiveCfg = Debug|Any CPU
		{4D08BD04-1A01-401A-BC9B-2ADF92546707}.Debug|Any CPU.Build.0 = Debug|Any CPU
		{4D08BD04-1A01-401A-BC9B-2ADF92546707}.Release|Any CPU.ActiveCfg = Release|Any CPU
		{4D08BD04-1A01-401A-BC9B-2ADF92546707}.Release|Any CPU.Build.0 = Release|Any CPU
		{69DD98CD-145C-40C4-A6A0-53BE930794C7}.Debug|Any CPU.ActiveCfg = Debug|Any CPU
		{69DD98CD-145C-40C4-A6A0-53BE930794C7}.Debug|Any CPU.Build.0 = Debug|Any CPU
		{69DD98CD-145C-40C4-A6A0-53BE930794C7}.Release|Any CPU.ActiveCfg = Release|Any CPU
		{69DD98CD-145C-40C4-A6A0-53BE930794C7}.Release|Any CPU.Build.0 = Release|Any CPU
		{47E35252-470D-4E7C-A657-05D0755D2EEA}.Debug|Any CPU.ActiveCfg = Debug|Any CPU
		{47E35252-470D-4E7C-A657-05D0755D2EEA}.Debug|Any CPU.Build.0 = Debug|Any CPU
		{47E35252-470D-4E7C-A657-05D0755D2EEA}.Release|Any CPU.ActiveCfg = Release|Any CPU
		{47E35252-470D-4E7C-A657-05D0755D2EEA}.Release|Any CPU.Build.0 = Release|Any CPU
		{BE654520-27C5-4EB8-8447-5A7C2D521134}.Debug|Any CPU.ActiveCfg = Debug|Any CPU
		{BE654520-27C5-4EB8-8447-5A7C2D521134}.Debug|Any CPU.Build.0 = Debug|Any CPU
		{BE654520-27C5-4EB8-8447-5A7C2D521134}.Release|Any CPU.ActiveCfg = Release|Any CPU
		{BE654520-27C5-4EB8-8447-5A7C2D521134}.Release|Any CPU.Build.0 = Release|Any CPU
	EndGlobalSection
	GlobalSection(SolutionProperties) = preSolution
		HideSolutionNode = FALSE
	EndGlobalSection
	GlobalSection(NestedProjects) = preSolution
		{409ECB1A-4F01-42E9-8AF0-E3FBB928AE28} = {1BE3F36B-17DD-460A-A7A3-110B67C0D0B8}
		{A9EEB55A-C346-4F73-8AD2-98E0F83A6046} = {1BE3F36B-17DD-460A-A7A3-110B67C0D0B8}
		{3895A6DB-A9AF-46B6-9D75-05B1CAB52988} = {1BE3F36B-17DD-460A-A7A3-110B67C0D0B8}
		{7994D31A-8069-41C0-9865-67BF3B8DD37C} = {3D57A7F9-97F8-41C4-90D5-9F717B844AA1}
		{272C1A1E-86DF-48B3-8D67-1BBB0971CEDC} = {3D57A7F9-97F8-41C4-90D5-9F717B844AA1}
		{4D08BD04-1A01-401A-BC9B-2ADF92546707} = {3D57A7F9-97F8-41C4-90D5-9F717B844AA1}
		{69DD98CD-145C-40C4-A6A0-53BE930794C7} = {E7E7B5E6-CE4C-4BD8-AC75-B380EB71D683}
		{47E35252-470D-4E7C-A657-05D0755D2EEA} = {E7E7B5E6-CE4C-4BD8-AC75-B380EB71D683}
		{BE654520-27C5-4EB8-8447-5A7C2D521134} = {E7E7B5E6-CE4C-4BD8-AC75-B380EB71D683}
	EndGlobalSection
	GlobalSection(ExtensibilityGlobals) = postSolution
		SolutionGuid = {3AA8097C-B8FC-45D1-B152-70E92896C402}
	EndGlobalSection
EndGlobal
